// !$*UTF8*$!
{
	archiveVersion = 1;
	classes = {
	};
	objectVersion = 50;
	objects = {

/* Begin PBXBuildFile section */
		C79C1E03229FB6F600615FD2 /* p12.c in Sources */ = {isa = PBXBuildFile; fileRef = C79C1E02229FB6F600615FD2 /* p12.c */; };
		C7E95FC4229ED85C008FDC7C /* p1_1.c in Sources */ = {isa = PBXBuildFile; fileRef = C7E95EFF229ED6FE008FDC7C /* p1_1.c */; };
		C7E95FC5229ED85F008FDC7C /* p1_2.c in Sources */ = {isa = PBXBuildFile; fileRef = C7E95F05229ED6FE008FDC7C /* p1_2.c */; };
		C7E95FC6229ED861008FDC7C /* p2.c in Sources */ = {isa = PBXBuildFile; fileRef = C7E95EDF229ED6FE008FDC7C /* p2.c */; };
		C7E95FC7229ED863008FDC7C /* p3-1.c in Sources */ = {isa = PBXBuildFile; fileRef = C7E95EE6229ED6FE008FDC7C /* p3-1.c */; };
		C7E95FC8229ED865008FDC7C /* p3-2.c in Sources */ = {isa = PBXBuildFile; fileRef = C7E95F29229ED6FF008FDC7C /* p3-2.c */; };
		C7E95FC9229ED86E008FDC7C /* p3-3.c in Sources */ = {isa = PBXBuildFile; fileRef = C7E95EF4229ED6FE008FDC7C /* p3-3.c */; };
		C7E95FCA229ED870008FDC7C /* stack.c in Sources */ = {isa = PBXBuildFile; fileRef = C7E95EF3229ED6FE008FDC7C /* stack.c */; };
		C7E95FCB229ED877008FDC7C /* p4.c in Sources */ = {isa = PBXBuildFile; fileRef = C7E95EFC229ED6FE008FDC7C /* p4.c */; };
		C7E95FCC229ED878008FDC7C /* p5.c in Sources */ = {isa = PBXBuildFile; fileRef = C7E95EE9229ED6FE008FDC7C /* p5.c */; };
		C7E95FCD229ED87A008FDC7C /* p6.c in Sources */ = {isa = PBXBuildFile; fileRef = C7E95F17229ED6FE008FDC7C /* p6.c */; };
		C7E95FCE229ED87D008FDC7C /* p7.c in Sources */ = {isa = PBXBuildFile; fileRef = C7E95EEF229ED6FE008FDC7C /* p7.c */; };
		C7E95FCF229ED87F008FDC7C /* p8.c in Sources */ = {isa = PBXBuildFile; fileRef = C7E95F1D229ED6FE008FDC7C /* p8.c */; };
		C7E95FD0229ED882008FDC7C /* p9.c in Sources */ = {isa = PBXBuildFile; fileRef = C7E95F09229ED6FE008FDC7C /* p9.c */; };
		C7E95FD1229ED884008FDC7C /* p10.c in Sources */ = {isa = PBXBuildFile; fileRef = C7E95F21229ED6FE008FDC7C /* p10.c */; };
		C7E95FD2229ED886008FDC7C /* p11.c in Sources */ = {isa = PBXBuildFile; fileRef = C7E95EDB229ED6FE008FDC7C /* p11.c */; };
/* End PBXBuildFile section */

/* Begin PBXCopyFilesBuildPhase section */
		C79C1DFE229FB6F600615FD2 /* CopyFiles */ = {
			isa = PBXCopyFilesBuildPhase;
			buildActionMask = 2147483647;
			dstPath = /usr/share/man/man1/;
			dstSubfolderSpec = 0;
			files = (
			);
			runOnlyForDeploymentPostprocessing = 1;
		};
		C7E95F2C229ED70E008FDC7C /* CopyFiles */ = {
			isa = PBXCopyFilesBuildPhase;
			buildActionMask = 2147483647;
			dstPath = /usr/share/man/man1/;
			dstSubfolderSpec = 0;
			files = (
			);
			runOnlyForDeploymentPostprocessing = 1;
		};
		C7E95F37229ED72A008FDC7C /* CopyFiles */ = {
			isa = PBXCopyFilesBuildPhase;
			buildActionMask = 2147483647;
			dstPath = /usr/share/man/man1/;
			dstSubfolderSpec = 0;
			files = (
			);
			runOnlyForDeploymentPostprocessing = 1;
		};
		C7E95F42229ED73B008FDC7C /* CopyFiles */ = {
			isa = PBXCopyFilesBuildPhase;
			buildActionMask = 2147483647;
			dstPath = /usr/share/man/man1/;
			dstSubfolderSpec = 0;
			files = (
			);
			runOnlyForDeploymentPostprocessing = 1;
		};
		C7E95F4D229ED744008FDC7C /* CopyFiles */ = {
			isa = PBXCopyFilesBuildPhase;
			buildActionMask = 2147483647;
			dstPath = /usr/share/man/man1/;
			dstSubfolderSpec = 0;
			files = (
			);
			runOnlyForDeploymentPostprocessing = 1;
		};
		C7E95F58229ED74A008FDC7C /* CopyFiles */ = {
			isa = PBXCopyFilesBuildPhase;
			buildActionMask = 2147483647;
			dstPath = /usr/share/man/man1/;
			dstSubfolderSpec = 0;
			files = (
			);
			runOnlyForDeploymentPostprocessing = 1;
		};
		C7E95F63229ED74F008FDC7C /* CopyFiles */ = {
			isa = PBXCopyFilesBuildPhase;
			buildActionMask = 2147483647;
			dstPath = /usr/share/man/man1/;
			dstSubfolderSpec = 0;
			files = (
			);
			runOnlyForDeploymentPostprocessing = 1;
		};
		C7E95F6E229ED758008FDC7C /* CopyFiles */ = {
			isa = PBXCopyFilesBuildPhase;
			buildActionMask = 2147483647;
			dstPath = /usr/share/man/man1/;
			dstSubfolderSpec = 0;
			files = (
			);
			runOnlyForDeploymentPostprocessing = 1;
		};
		C7E95F79229ED75D008FDC7C /* CopyFiles */ = {
			isa = PBXCopyFilesBuildPhase;
			buildActionMask = 2147483647;
			dstPath = /usr/share/man/man1/;
			dstSubfolderSpec = 0;
			files = (
			);
			runOnlyForDeploymentPostprocessing = 1;
		};
		C7E95F84229ED761008FDC7C /* CopyFiles */ = {
			isa = PBXCopyFilesBuildPhase;
			buildActionMask = 2147483647;
			dstPath = /usr/share/man/man1/;
			dstSubfolderSpec = 0;
			files = (
			);
			runOnlyForDeploymentPostprocessing = 1;
		};
		C7E95F8F229ED764008FDC7C /* CopyFiles */ = {
			isa = PBXCopyFilesBuildPhase;
			buildActionMask = 2147483647;
			dstPath = /usr/share/man/man1/;
			dstSubfolderSpec = 0;
			files = (
			);
			runOnlyForDeploymentPostprocessing = 1;
		};
		C7E95F9A229ED768008FDC7C /* CopyFiles */ = {
			isa = PBXCopyFilesBuildPhase;
			buildActionMask = 2147483647;
			dstPath = /usr/share/man/man1/;
			dstSubfolderSpec = 0;
			files = (
			);
			runOnlyForDeploymentPostprocessing = 1;
		};
		C7E95FA5229ED76D008FDC7C /* CopyFiles */ = {
			isa = PBXCopyFilesBuildPhase;
			buildActionMask = 2147483647;
			dstPath = /usr/share/man/man1/;
			dstSubfolderSpec = 0;
			files = (
			);
			runOnlyForDeploymentPostprocessing = 1;
		};
		C7E95FB0229ED77B008FDC7C /* CopyFiles */ = {
			isa = PBXCopyFilesBuildPhase;
			buildActionMask = 2147483647;
			dstPath = /usr/share/man/man1/;
			dstSubfolderSpec = 0;
			files = (
			);
			runOnlyForDeploymentPostprocessing = 1;
		};
		C7E95FBB229ED77F008FDC7C /* CopyFiles */ = {
			isa = PBXCopyFilesBuildPhase;
			buildActionMask = 2147483647;
			dstPath = /usr/share/man/man1/;
			dstSubfolderSpec = 0;
			files = (
			);
			runOnlyForDeploymentPostprocessing = 1;
		};
/* End PBXCopyFilesBuildPhase section */

/* Begin PBXFileReference section */
		C752B0F222B0B77600E77319 /* output.txt */ = {isa = PBXFileReference; lastKnownFileType = text; path = output.txt; sourceTree = "<group>"; };
		C79C1E00229FB6F600615FD2 /* lab12 */ = {isa = PBXFileReference; explicitFileType = "compiled.mach-o.executable"; includeInIndex = 0; path = lab12; sourceTree = BUILT_PRODUCTS_DIR; };
		C79C1E02229FB6F600615FD2 /* p12.c */ = {isa = PBXFileReference; lastKnownFileType = sourcecode.c.c; path = p12.c; sourceTree = "<group>"; };
		C79C1E07229FB70400615FD2 /* input.txt */ = {isa = PBXFileReference; lastKnownFileType = text; path = input.txt; sourceTree = "<group>"; };
		C79C1E08229FB70A00615FD2 /* output_example.txt */ = {isa = PBXFileReference; lastKnownFileType = text; path = output_example.txt; sourceTree = "<group>"; };
		C7E95EDA229ED6FE008FDC7C /* input.txt */ = {isa = PBXFileReference; lastKnownFileType = text; path = input.txt; sourceTree = "<group>"; };
		C7E95EDB229ED6FE008FDC7C /* p11.c */ = {isa = PBXFileReference; lastKnownFileType = sourcecode.c.c; path = p11.c; sourceTree = "<group>"; };
		C7E95EDC229ED6FE008FDC7C /* output.txt */ = {isa = PBXFileReference; lastKnownFileType = text; path = output.txt; sourceTree = "<group>"; };
		C7E95EDE229ED6FE008FDC7C /* insert.txt */ = {isa = PBXFileReference; lastKnownFileType = text; path = insert.txt; sourceTree = "<group>"; };
		C7E95EDF229ED6FE008FDC7C /* p2.c */ = {isa = PBXFileReference; lastKnownFileType = sourcecode.c.c; path = p2.c; sourceTree = "<group>"; };
		C7E95EE0229ED6FE008FDC7C /* input.txt */ = {isa = PBXFileReference; lastKnownFileType = text; path = input.txt; sourceTree = "<group>"; };
		C7E95EE2229ED6FE008FDC7C /* output.txt */ = {isa = PBXFileReference; lastKnownFileType = text; path = output.txt; sourceTree = "<group>"; };
		C7E95EE4229ED6FE008FDC7C /* input.txt */ = {isa = PBXFileReference; lastKnownFileType = text; path = input.txt; sourceTree = "<group>"; };
		C7E95EE6229ED6FE008FDC7C /* p3-1.c */ = {isa = PBXFileReference; lastKnownFileType = sourcecode.c.c; path = "p3-1.c"; sourceTree = "<group>"; };
		C7E95EE7229ED6FE008FDC7C /* output.txt */ = {isa = PBXFileReference; lastKnownFileType = text; path = output.txt; sourceTree = "<group>"; };
		C7E95EE9229ED6FE008FDC7C /* p5.c */ = {isa = PBXFileReference; lastKnownFileType = sourcecode.c.c; path = p5.c; sourceTree = "<group>"; };
		C7E95EEA229ED6FE008FDC7C /* input.txt */ = {isa = PBXFileReference; lastKnownFileType = text; path = input.txt; sourceTree = "<group>"; };
		C7E95EEC229ED6FE008FDC7C /* output.txt */ = {isa = PBXFileReference; lastKnownFileType = text; path = output.txt; sourceTree = "<group>"; };
		C7E95EEE229ED6FE008FDC7C /* input.txt */ = {isa = PBXFileReference; lastKnownFileType = text; path = input.txt; sourceTree = "<group>"; };
		C7E95EEF229ED6FE008FDC7C /* p7.c */ = {isa = PBXFileReference; lastKnownFileType = sourcecode.c.c; path = p7.c; sourceTree = "<group>"; };
		C7E95EF0229ED6FE008FDC7C /* output.txt */ = {isa = PBXFileReference; lastKnownFileType = text; path = output.txt; sourceTree = "<group>"; };
		C7E95EF3229ED6FE008FDC7C /* stack.c */ = {isa = PBXFileReference; lastKnownFileType = sourcecode.c.c; path = stack.c; sourceTree = "<group>"; };
		C7E95EF4229ED6FE008FDC7C /* p3-3.c */ = {isa = PBXFileReference; lastKnownFileType = sourcecode.c.c; path = "p3-3.c"; sourceTree = "<group>"; };
		C7E95EF5229ED6FE008FDC7C /* input.txt */ = {isa = PBXFileReference; lastKnownFileType = text; path = input.txt; sourceTree = "<group>"; };
		C7E95EF6229ED6FE008FDC7C /* stack.h */ = {isa = PBXFileReference; lastKnownFileType = sourcecode.c.h; path = stack.h; sourceTree = "<group>"; };
		C7E95EF8229ED6FE008FDC7C /* output.txt */ = {isa = PBXFileReference; lastKnownFileType = text; path = output.txt; sourceTree = "<group>"; };
		C7E95EFB229ED6FE008FDC7C /* output.txt */ = {isa = PBXFileReference; lastKnownFileType = text; path = output.txt; sourceTree = "<group>"; };
		C7E95EFC229ED6FE008FDC7C /* p4.c */ = {isa = PBXFileReference; lastKnownFileType = sourcecode.c.c; path = p4.c; sourceTree = "<group>"; };
		C7E95EFE229ED6FE008FDC7C /* student_info.txt */ = {isa = PBXFileReference; lastKnownFileType = text; path = student_info.txt; sourceTree = "<group>"; };
		C7E95EFF229ED6FE008FDC7C /* p1_1.c */ = {isa = PBXFileReference; lastKnownFileType = sourcecode.c.c; path = p1_1.c; sourceTree = "<group>"; };
		C7E95F00229ED6FE008FDC7C /* 1_1test2.txt */ = {isa = PBXFileReference; lastKnownFileType = text; path = 1_1test2.txt; sourceTree = "<group>"; };
		C7E95F01229ED6FE008FDC7C /* 1_1test3.txt */ = {isa = PBXFileReference; lastKnownFileType = text; path = 1_1test3.txt; sourceTree = "<group>"; };
		C7E95F03229ED6FE008FDC7C /* 1_1test1.txt */ = {isa = PBXFileReference; lastKnownFileType = text; path = 1_1test1.txt; sourceTree = "<group>"; };
		C7E95F05229ED6FE008FDC7C /* p1_2.c */ = {isa = PBXFileReference; lastKnownFileType = sourcecode.c.c; path = p1_2.c; sourceTree = "<group>"; };
		C7E95F08229ED6FE008FDC7C /* input.txt */ = {isa = PBXFileReference; lastKnownFileType = text; path = input.txt; sourceTree = "<group>"; };
		C7E95F09229ED6FE008FDC7C /* p9.c */ = {isa = PBXFileReference; lastKnownFileType = sourcecode.c.c; path = p9.c; sourceTree = "<group>"; };
		C7E95F15229ED6FE008FDC7C /* output.txt */ = {isa = PBXFileReference; lastKnownFileType = text; path = output.txt; sourceTree = "<group>"; };
		C7E95F17229ED6FE008FDC7C /* p6.c */ = {isa = PBXFileReference; lastKnownFileType = sourcecode.c.c; path = p6.c; sourceTree = "<group>"; };
		C7E95F18229ED6FE008FDC7C /* input.txt */ = {isa = PBXFileReference; lastKnownFileType = text; path = input.txt; sourceTree = "<group>"; };
		C7E95F19229ED6FE008FDC7C /* output.txt */ = {isa = PBXFileReference; lastKnownFileType = text; path = output.txt; sourceTree = "<group>"; };
		C7E95F1D229ED6FE008FDC7C /* p8.c */ = {isa = PBXFileReference; lastKnownFileType = sourcecode.c.c; path = p8.c; sourceTree = "<group>"; };
		C7E95F1E229ED6FE008FDC7C /* input.txt */ = {isa = PBXFileReference; lastKnownFileType = text; path = input.txt; sourceTree = "<group>"; };
		C7E95F1F229ED6FE008FDC7C /* output.txt */ = {isa = PBXFileReference; lastKnownFileType = text; path = output.txt; sourceTree = "<group>"; };
		C7E95F21229ED6FE008FDC7C /* p10.c */ = {isa = PBXFileReference; lastKnownFileType = sourcecode.c.c; path = p10.c; sourceTree = "<group>"; };
		C7E95F23229ED6FE008FDC7C /* input.txt */ = {isa = PBXFileReference; lastKnownFileType = text; path = input.txt; sourceTree = "<group>"; };
		C7E95F24229ED6FE008FDC7C /* output.txt */ = {isa = PBXFileReference; lastKnownFileType = text; path = output.txt; sourceTree = "<group>"; };
		C7E95F26229ED6FF008FDC7C /* input.txt */ = {isa = PBXFileReference; lastKnownFileType = text; path = input.txt; sourceTree = "<group>"; };
		C7E95F28229ED6FF008FDC7C /* output.txt */ = {isa = PBXFileReference; lastKnownFileType = text; path = output.txt; sourceTree = "<group>"; };
		C7E95F29229ED6FF008FDC7C /* p3-2.c */ = {isa = PBXFileReference; lastKnownFileType = sourcecode.c.c; path = "p3-2.c"; sourceTree = "<group>"; };
		C7E95F2E229ED70E008FDC7C /* lab1_1 */ = {isa = PBXFileReference; explicitFileType = "compiled.mach-o.executable"; includeInIndex = 0; path = lab1_1; sourceTree = BUILT_PRODUCTS_DIR; };
		C7E95F39229ED72A008FDC7C /* lab1_2 */ = {isa = PBXFileReference; explicitFileType = "compiled.mach-o.executable"; includeInIndex = 0; path = lab1_2; sourceTree = BUILT_PRODUCTS_DIR; };
		C7E95F44229ED73B008FDC7C /* lab2 */ = {isa = PBXFileReference; explicitFileType = "compiled.mach-o.executable"; includeInIndex = 0; path = lab2; sourceTree = BUILT_PRODUCTS_DIR; };
		C7E95F4F229ED744008FDC7C /* lab3-1 */ = {isa = PBXFileReference; explicitFileType = "compiled.mach-o.executable"; includeInIndex = 0; path = "lab3-1"; sourceTree = BUILT_PRODUCTS_DIR; };
		C7E95F5A229ED74A008FDC7C /* lab3-2 */ = {isa = PBXFileReference; explicitFileType = "compiled.mach-o.executable"; includeInIndex = 0; path = "lab3-2"; sourceTree = BUILT_PRODUCTS_DIR; };
		C7E95F65229ED74F008FDC7C /* lab3-3 */ = {isa = PBXFileReference; explicitFileType = "compiled.mach-o.executable"; includeInIndex = 0; path = "lab3-3"; sourceTree = BUILT_PRODUCTS_DIR; };
		C7E95F70229ED758008FDC7C /* lab4 */ = {isa = PBXFileReference; explicitFileType = "compiled.mach-o.executable"; includeInIndex = 0; path = lab4; sourceTree = BUILT_PRODUCTS_DIR; };
		C7E95F7B229ED75D008FDC7C /* lab5 */ = {isa = PBXFileReference; explicitFileType = "compiled.mach-o.executable"; includeInIndex = 0; path = lab5; sourceTree = BUILT_PRODUCTS_DIR; };
		C7E95F86229ED761008FDC7C /* lab6 */ = {isa = PBXFileReference; explicitFileType = "compiled.mach-o.executable"; includeInIndex = 0; path = lab6; sourceTree = BUILT_PRODUCTS_DIR; };
		C7E95F91229ED764008FDC7C /* lab7 */ = {isa = PBXFileReference; explicitFileType = "compiled.mach-o.executable"; includeInIndex = 0; path = lab7; sourceTree = BUILT_PRODUCTS_DIR; };
		C7E95F9C229ED768008FDC7C /* lab8 */ = {isa = PBXFileReference; explicitFileType = "compiled.mach-o.executable"; includeInIndex = 0; path = lab8; sourceTree = BUILT_PRODUCTS_DIR; };
		C7E95FA7229ED76D008FDC7C /* lab9 */ = {isa = PBXFileReference; explicitFileType = "compiled.mach-o.executable"; includeInIndex = 0; path = lab9; sourceTree = BUILT_PRODUCTS_DIR; };
		C7E95FB2229ED77B008FDC7C /* lab10 */ = {isa = PBXFileReference; explicitFileType = "compiled.mach-o.executable"; includeInIndex = 0; path = lab10; sourceTree = BUILT_PRODUCTS_DIR; };
		C7E95FBD229ED77F008FDC7C /* lab11 */ = {isa = PBXFileReference; explicitFileType = "compiled.mach-o.executable"; includeInIndex = 0; path = lab11; sourceTree = BUILT_PRODUCTS_DIR; };
/* End PBXFileReference section */

/* Begin PBXFrameworksBuildPhase section */
		C79C1DFD229FB6F600615FD2 /* Frameworks */ = {
			isa = PBXFrameworksBuildPhase;
			buildActionMask = 2147483647;
			files = (
			);
			runOnlyForDeploymentPostprocessing = 0;
		};
		C7E95F2B229ED70E008FDC7C /* Frameworks */ = {
			isa = PBXFrameworksBuildPhase;
			buildActionMask = 2147483647;
			files = (
			);
			runOnlyForDeploymentPostprocessing = 0;
		};
		C7E95F36229ED72A008FDC7C /* Frameworks */ = {
			isa = PBXFrameworksBuildPhase;
			buildActionMask = 2147483647;
			files = (
			);
			runOnlyForDeploymentPostprocessing = 0;
		};
		C7E95F41229ED73B008FDC7C /* Frameworks */ = {
			isa = PBXFrameworksBuildPhase;
			buildActionMask = 2147483647;
			files = (
			);
			runOnlyForDeploymentPostprocessing = 0;
		};
		C7E95F4C229ED744008FDC7C /* Frameworks */ = {
			isa = PBXFrameworksBuildPhase;
			buildActionMask = 2147483647;
			files = (
			);
			runOnlyForDeploymentPostprocessing = 0;
		};
		C7E95F57229ED74A008FDC7C /* Frameworks */ = {
			isa = PBXFrameworksBuildPhase;
			buildActionMask = 2147483647;
			files = (
			);
			runOnlyForDeploymentPostprocessing = 0;
		};
		C7E95F62229ED74F008FDC7C /* Frameworks */ = {
			isa = PBXFrameworksBuildPhase;
			buildActionMask = 2147483647;
			files = (
			);
			runOnlyForDeploymentPostprocessing = 0;
		};
		C7E95F6D229ED758008FDC7C /* Frameworks */ = {
			isa = PBXFrameworksBuildPhase;
			buildActionMask = 2147483647;
			files = (
			);
			runOnlyForDeploymentPostprocessing = 0;
		};
		C7E95F78229ED75D008FDC7C /* Frameworks */ = {
			isa = PBXFrameworksBuildPhase;
			buildActionMask = 2147483647;
			files = (
			);
			runOnlyForDeploymentPostprocessing = 0;
		};
		C7E95F83229ED761008FDC7C /* Frameworks */ = {
			isa = PBXFrameworksBuildPhase;
			buildActionMask = 2147483647;
			files = (
			);
			runOnlyForDeploymentPostprocessing = 0;
		};
		C7E95F8E229ED764008FDC7C /* Frameworks */ = {
			isa = PBXFrameworksBuildPhase;
			buildActionMask = 2147483647;
			files = (
			);
			runOnlyForDeploymentPostprocessing = 0;
		};
		C7E95F99229ED768008FDC7C /* Frameworks */ = {
			isa = PBXFrameworksBuildPhase;
			buildActionMask = 2147483647;
			files = (
			);
			runOnlyForDeploymentPostprocessing = 0;
		};
		C7E95FA4229ED76D008FDC7C /* Frameworks */ = {
			isa = PBXFrameworksBuildPhase;
			buildActionMask = 2147483647;
			files = (
			);
			runOnlyForDeploymentPostprocessing = 0;
		};
		C7E95FAF229ED77B008FDC7C /* Frameworks */ = {
			isa = PBXFrameworksBuildPhase;
			buildActionMask = 2147483647;
			files = (
			);
			runOnlyForDeploymentPostprocessing = 0;
		};
		C7E95FBA229ED77F008FDC7C /* Frameworks */ = {
			isa = PBXFrameworksBuildPhase;
			buildActionMask = 2147483647;
			files = (
			);
			runOnlyForDeploymentPostprocessing = 0;
		};
/* End PBXFrameworksBuildPhase section */

/* Begin PBXGroup section */
		C79C1E01229FB6F600615FD2 /* lab12 */ = {
			isa = PBXGroup;
			children = (
				C79C1E02229FB6F600615FD2 /* p12.c */,
				C79C1E07229FB70400615FD2 /* input.txt */,
				C752B0F222B0B77600E77319 /* output.txt */,
				C79C1E08229FB70A00615FD2 /* output_example.txt */,
			);
			path = lab12;
			sourceTree = "<group>";
		};
		C7E95EC5229ED6F0008FDC7C = {
			isa = PBXGroup;
			children = (
				C7E95EFD229ED6FE008FDC7C /* lab1 */,
				C7E95EDD229ED6FE008FDC7C /* lab2 */,
				C7E95EE3229ED6FE008FDC7C /* lab3-1 */,
				C7E95F25229ED6FF008FDC7C /* lab3-2 */,
				C7E95EF2229ED6FE008FDC7C /* lab3-3 */,
				C7E95EF9229ED6FE008FDC7C /* lab4 */,
				C7E95EE8229ED6FE008FDC7C /* lab5 */,
				C7E95F16229ED6FE008FDC7C /* lab6 */,
				C7E95EED229ED6FE008FDC7C /* lab7 */,
				C7E95F1B229ED6FE008FDC7C /* lab8 */,
				C7E95F06229ED6FE008FDC7C /* lab9 */,
				C7E95F20229ED6FE008FDC7C /* lab10 */,
				C7E95ED8229ED6FE008FDC7C /* lab11 */,
				C79C1E01229FB6F600615FD2 /* lab12 */,
				C7E95ECF229ED6F0008FDC7C /* Products */,
			);
			sourceTree = "<group>";
		};
		C7E95ECF229ED6F0008FDC7C /* Products */ = {
			isa = PBXGroup;
			children = (
				C7E95F2E229ED70E008FDC7C /* lab1_1 */,
				C7E95F39229ED72A008FDC7C /* lab1_2 */,
				C7E95F44229ED73B008FDC7C /* lab2 */,
				C7E95F4F229ED744008FDC7C /* lab3-1 */,
				C7E95F5A229ED74A008FDC7C /* lab3-2 */,
				C7E95F65229ED74F008FDC7C /* lab3-3 */,
				C7E95F70229ED758008FDC7C /* lab4 */,
				C7E95F7B229ED75D008FDC7C /* lab5 */,
				C7E95F86229ED761008FDC7C /* lab6 */,
				C7E95F91229ED764008FDC7C /* lab7 */,
				C7E95F9C229ED768008FDC7C /* lab8 */,
				C7E95FA7229ED76D008FDC7C /* lab9 */,
				C7E95FB2229ED77B008FDC7C /* lab10 */,
				C7E95FBD229ED77F008FDC7C /* lab11 */,
				C79C1E00229FB6F600615FD2 /* lab12 */,
			);
			name = Products;
			sourceTree = "<group>";
		};
		C7E95ED8229ED6FE008FDC7C /* lab11 */ = {
			isa = PBXGroup;
			children = (
				C7E95EDB229ED6FE008FDC7C /* p11.c */,
				C7E95EDA229ED6FE008FDC7C /* input.txt */,
				C7E95EDC229ED6FE008FDC7C /* output.txt */,
			);
			path = lab11;
			sourceTree = "<group>";
		};
		C7E95EDD229ED6FE008FDC7C /* lab2 */ = {
			isa = PBXGroup;
			children = (
				C7E95EDF229ED6FE008FDC7C /* p2.c */,
				C7E95EDE229ED6FE008FDC7C /* insert.txt */,
				C7E95EE0229ED6FE008FDC7C /* input.txt */,
				C7E95EE2229ED6FE008FDC7C /* output.txt */,
			);
			path = lab2;
			sourceTree = "<group>";
		};
		C7E95EE3229ED6FE008FDC7C /* lab3-1 */ = {
			isa = PBXGroup;
			children = (
				C7E95EE6229ED6FE008FDC7C /* p3-1.c */,
				C7E95EE4229ED6FE008FDC7C /* input.txt */,
				C7E95EE7229ED6FE008FDC7C /* output.txt */,
			);
			path = "lab3-1";
			sourceTree = "<group>";
		};
		C7E95EE8229ED6FE008FDC7C /* lab5 */ = {
			isa = PBXGroup;
			children = (
				C7E95EE9229ED6FE008FDC7C /* p5.c */,
				C7E95EEA229ED6FE008FDC7C /* input.txt */,
				C7E95EEC229ED6FE008FDC7C /* output.txt */,
			);
			path = lab5;
			sourceTree = "<group>";
		};
		C7E95EED229ED6FE008FDC7C /* lab7 */ = {
			isa = PBXGroup;
			children = (
				C7E95EEF229ED6FE008FDC7C /* p7.c */,
				C7E95EEE229ED6FE008FDC7C /* input.txt */,
				C7E95EF0229ED6FE008FDC7C /* output.txt */,
			);
			path = lab7;
			sourceTree = "<group>";
		};
		C7E95EF2229ED6FE008FDC7C /* lab3-3 */ = {
			isa = PBXGroup;
			children = (
				C7E95EF4229ED6FE008FDC7C /* p3-3.c */,
				C7E95EF6229ED6FE008FDC7C /* stack.h */,
				C7E95EF3229ED6FE008FDC7C /* stack.c */,
				C7E95EF5229ED6FE008FDC7C /* input.txt */,
				C7E95EF8229ED6FE008FDC7C /* output.txt */,
			);
			path = "lab3-3";
			sourceTree = "<group>";
		};
		C7E95EF9229ED6FE008FDC7C /* lab4 */ = {
			isa = PBXGroup;
			children = (
				C7E95EFC229ED6FE008FDC7C /* p4.c */,
				C7E95EFB229ED6FE008FDC7C /* output.txt */,
			);
			path = lab4;
			sourceTree = "<group>";
		};
		C7E95EFD229ED6FE008FDC7C /* lab1 */ = {
			isa = PBXGroup;
			children = (
				C7E95EFF229ED6FE008FDC7C /* p1_1.c */,
				C7E95F00229ED6FE008FDC7C /* 1_1test2.txt */,
				C7E95F01229ED6FE008FDC7C /* 1_1test3.txt */,
				C7E95F03229ED6FE008FDC7C /* 1_1test1.txt */,
				C7E95F05229ED6FE008FDC7C /* p1_2.c */,
				C7E95EFE229ED6FE008FDC7C /* student_info.txt */,
			);
			path = lab1;
			sourceTree = "<group>";
		};
		C7E95F06229ED6FE008FDC7C /* lab9 */ = {
			isa = PBXGroup;
			children = (
				C7E95F09229ED6FE008FDC7C /* p9.c */,
				C7E95F08229ED6FE008FDC7C /* input.txt */,
				C7E95F15229ED6FE008FDC7C /* output.txt */,
			);
			path = lab9;
			sourceTree = "<group>";
		};
		C7E95F16229ED6FE008FDC7C /* lab6 */ = {
			isa = PBXGroup;
			children = (
				C7E95F17229ED6FE008FDC7C /* p6.c */,
				C7E95F18229ED6FE008FDC7C /* input.txt */,
				C7E95F19229ED6FE008FDC7C /* output.txt */,
			);
			path = lab6;
			sourceTree = "<group>";
		};
		C7E95F1B229ED6FE008FDC7C /* lab8 */ = {
			isa = PBXGroup;
			children = (
				C7E95F1D229ED6FE008FDC7C /* p8.c */,
				C7E95F1E229ED6FE008FDC7C /* input.txt */,
				C7E95F1F229ED6FE008FDC7C /* output.txt */,
			);
			path = lab8;
			sourceTree = "<group>";
		};
		C7E95F20229ED6FE008FDC7C /* lab10 */ = {
			isa = PBXGroup;
			children = (
				C7E95F21229ED6FE008FDC7C /* p10.c */,
				C7E95F23229ED6FE008FDC7C /* input.txt */,
				C7E95F24229ED6FE008FDC7C /* output.txt */,
			);
			path = lab10;
			sourceTree = "<group>";
		};
		C7E95F25229ED6FF008FDC7C /* lab3-2 */ = {
			isa = PBXGroup;
			children = (
				C7E95F29229ED6FF008FDC7C /* p3-2.c */,
				C7E95F26229ED6FF008FDC7C /* input.txt */,
				C7E95F28229ED6FF008FDC7C /* output.txt */,
			);
			path = "lab3-2";
			sourceTree = "<group>";
		};
/* End PBXGroup section */

/* Begin PBXNativeTarget section */
		C79C1DFF229FB6F600615FD2 /* lab12 */ = {
			isa = PBXNativeTarget;
			buildConfigurationList = C79C1E06229FB6F600615FD2 /* Build configuration list for PBXNativeTarget "lab12" */;
			buildPhases = (
				C79C1DFC229FB6F600615FD2 /* Sources */,
				C79C1DFD229FB6F600615FD2 /* Frameworks */,
				C79C1DFE229FB6F600615FD2 /* CopyFiles */,
			);
			buildRules = (
			);
			dependencies = (
			);
			name = lab12;
			productName = lab12;
			productReference = C79C1E00229FB6F600615FD2 /* lab12 */;
			productType = "com.apple.product-type.tool";
		};
		C7E95F2D229ED70E008FDC7C /* lab1_1 */ = {
			isa = PBXNativeTarget;
			buildConfigurationList = C7E95F32229ED70E008FDC7C /* Build configuration list for PBXNativeTarget "lab1_1" */;
			buildPhases = (
				C7E95F2A229ED70E008FDC7C /* Sources */,
				C7E95F2B229ED70E008FDC7C /* Frameworks */,
				C7E95F2C229ED70E008FDC7C /* CopyFiles */,
			);
			buildRules = (
			);
			dependencies = (
			);
			name = lab1_1;
			productName = lab1_1;
			productReference = C7E95F2E229ED70E008FDC7C /* lab1_1 */;
			productType = "com.apple.product-type.tool";
		};
		C7E95F38229ED72A008FDC7C /* lab1_2 */ = {
			isa = PBXNativeTarget;
			buildConfigurationList = C7E95F3D229ED72A008FDC7C /* Build configuration list for PBXNativeTarget "lab1_2" */;
			buildPhases = (
				C7E95F35229ED72A008FDC7C /* Sources */,
				C7E95F36229ED72A008FDC7C /* Frameworks */,
				C7E95F37229ED72A008FDC7C /* CopyFiles */,
			);
			buildRules = (
			);
			dependencies = (
			);
			name = lab1_2;
			productName = lab1_2;
			productReference = C7E95F39229ED72A008FDC7C /* lab1_2 */;
			productType = "com.apple.product-type.tool";
		};
		C7E95F43229ED73B008FDC7C /* lab2 */ = {
			isa = PBXNativeTarget;
			buildConfigurationList = C7E95F48229ED73B008FDC7C /* Build configuration list for PBXNativeTarget "lab2" */;
			buildPhases = (
				C7E95F40229ED73B008FDC7C /* Sources */,
				C7E95F41229ED73B008FDC7C /* Frameworks */,
				C7E95F42229ED73B008FDC7C /* CopyFiles */,
			);
			buildRules = (
			);
			dependencies = (
			);
			name = lab2;
			productName = lab2;
			productReference = C7E95F44229ED73B008FDC7C /* lab2 */;
			productType = "com.apple.product-type.tool";
		};
		C7E95F4E229ED744008FDC7C /* lab3-1 */ = {
			isa = PBXNativeTarget;
			buildConfigurationList = C7E95F53229ED744008FDC7C /* Build configuration list for PBXNativeTarget "lab3-1" */;
			buildPhases = (
				C7E95F4B229ED744008FDC7C /* Sources */,
				C7E95F4C229ED744008FDC7C /* Frameworks */,
				C7E95F4D229ED744008FDC7C /* CopyFiles */,
			);
			buildRules = (
			);
			dependencies = (
			);
			name = "lab3-1";
			productName = "lab3-1";
			productReference = C7E95F4F229ED744008FDC7C /* lab3-1 */;
			productType = "com.apple.product-type.tool";
		};
		C7E95F59229ED74A008FDC7C /* lab3-2 */ = {
			isa = PBXNativeTarget;
			buildConfigurationList = C7E95F5E229ED74A008FDC7C /* Build configuration list for PBXNativeTarget "lab3-2" */;
			buildPhases = (
				C7E95F56229ED74A008FDC7C /* Sources */,
				C7E95F57229ED74A008FDC7C /* Frameworks */,
				C7E95F58229ED74A008FDC7C /* CopyFiles */,
			);
			buildRules = (
			);
			dependencies = (
			);
			name = "lab3-2";
			productName = "lab3-2";
			productReference = C7E95F5A229ED74A008FDC7C /* lab3-2 */;
			productType = "com.apple.product-type.tool";
		};
		C7E95F64229ED74F008FDC7C /* lab3-3 */ = {
			isa = PBXNativeTarget;
			buildConfigurationList = C7E95F69229ED74F008FDC7C /* Build configuration list for PBXNativeTarget "lab3-3" */;
			buildPhases = (
				C7E95F61229ED74F008FDC7C /* Sources */,
				C7E95F62229ED74F008FDC7C /* Frameworks */,
				C7E95F63229ED74F008FDC7C /* CopyFiles */,
			);
			buildRules = (
			);
			dependencies = (
			);
			name = "lab3-3";
			productName = "lab3-3";
			productReference = C7E95F65229ED74F008FDC7C /* lab3-3 */;
			productType = "com.apple.product-type.tool";
		};
		C7E95F6F229ED758008FDC7C /* lab4 */ = {
			isa = PBXNativeTarget;
			buildConfigurationList = C7E95F74229ED759008FDC7C /* Build configuration list for PBXNativeTarget "lab4" */;
			buildPhases = (
				C7E95F6C229ED758008FDC7C /* Sources */,
				C7E95F6D229ED758008FDC7C /* Frameworks */,
				C7E95F6E229ED758008FDC7C /* CopyFiles */,
			);
			buildRules = (
			);
			dependencies = (
			);
			name = lab4;
			productName = lab4;
			productReference = C7E95F70229ED758008FDC7C /* lab4 */;
			productType = "com.apple.product-type.tool";
		};
		C7E95F7A229ED75D008FDC7C /* lab5 */ = {
			isa = PBXNativeTarget;
			buildConfigurationList = C7E95F7F229ED75D008FDC7C /* Build configuration list for PBXNativeTarget "lab5" */;
			buildPhases = (
				C7E95F77229ED75D008FDC7C /* Sources */,
				C7E95F78229ED75D008FDC7C /* Frameworks */,
				C7E95F79229ED75D008FDC7C /* CopyFiles */,
			);
			buildRules = (
			);
			dependencies = (
			);
			name = lab5;
			productName = lab5;
			productReference = C7E95F7B229ED75D008FDC7C /* lab5 */;
			productType = "com.apple.product-type.tool";
		};
		C7E95F85229ED761008FDC7C /* lab6 */ = {
			isa = PBXNativeTarget;
			buildConfigurationList = C7E95F8A229ED761008FDC7C /* Build configuration list for PBXNativeTarget "lab6" */;
			buildPhases = (
				C7E95F82229ED761008FDC7C /* Sources */,
				C7E95F83229ED761008FDC7C /* Frameworks */,
				C7E95F84229ED761008FDC7C /* CopyFiles */,
			);
			buildRules = (
			);
			dependencies = (
			);
			name = lab6;
			productName = lab6;
			productReference = C7E95F86229ED761008FDC7C /* lab6 */;
			productType = "com.apple.product-type.tool";
		};
		C7E95F90229ED764008FDC7C /* lab7 */ = {
			isa = PBXNativeTarget;
			buildConfigurationList = C7E95F95229ED765008FDC7C /* Build configuration list for PBXNativeTarget "lab7" */;
			buildPhases = (
				C7E95F8D229ED764008FDC7C /* Sources */,
				C7E95F8E229ED764008FDC7C /* Frameworks */,
				C7E95F8F229ED764008FDC7C /* CopyFiles */,
			);
			buildRules = (
			);
			dependencies = (
			);
			name = lab7;
			productName = lab7;
			productReference = C7E95F91229ED764008FDC7C /* lab7 */;
			productType = "com.apple.product-type.tool";
		};
		C7E95F9B229ED768008FDC7C /* lab8 */ = {
			isa = PBXNativeTarget;
			buildConfigurationList = C7E95FA0229ED768008FDC7C /* Build configuration list for PBXNativeTarget "lab8" */;
			buildPhases = (
				C7E95F98229ED768008FDC7C /* Sources */,
				C7E95F99229ED768008FDC7C /* Frameworks */,
				C7E95F9A229ED768008FDC7C /* CopyFiles */,
			);
			buildRules = (
			);
			dependencies = (
			);
			name = lab8;
			productName = lab8;
			productReference = C7E95F9C229ED768008FDC7C /* lab8 */;
			productType = "com.apple.product-type.tool";
		};
		C7E95FA6229ED76D008FDC7C /* lab9 */ = {
			isa = PBXNativeTarget;
			buildConfigurationList = C7E95FAB229ED76D008FDC7C /* Build configuration list for PBXNativeTarget "lab9" */;
			buildPhases = (
				C7E95FA3229ED76D008FDC7C /* Sources */,
				C7E95FA4229ED76D008FDC7C /* Frameworks */,
				C7E95FA5229ED76D008FDC7C /* CopyFiles */,
			);
			buildRules = (
			);
			dependencies = (
			);
			name = lab9;
			productName = lab9;
			productReference = C7E95FA7229ED76D008FDC7C /* lab9 */;
			productType = "com.apple.product-type.tool";
		};
		C7E95FB1229ED77B008FDC7C /* lab10 */ = {
			isa = PBXNativeTarget;
			buildConfigurationList = C7E95FB6229ED77B008FDC7C /* Build configuration list for PBXNativeTarget "lab10" */;
			buildPhases = (
				C7E95FAE229ED77B008FDC7C /* Sources */,
				C7E95FAF229ED77B008FDC7C /* Frameworks */,
				C7E95FB0229ED77B008FDC7C /* CopyFiles */,
			);
			buildRules = (
			);
			dependencies = (
			);
			name = lab10;
			productName = lab10;
			productReference = C7E95FB2229ED77B008FDC7C /* lab10 */;
			productType = "com.apple.product-type.tool";
		};
		C7E95FBC229ED77F008FDC7C /* lab11 */ = {
			isa = PBXNativeTarget;
			buildConfigurationList = C7E95FC1229ED77F008FDC7C /* Build configuration list for PBXNativeTarget "lab11" */;
			buildPhases = (
				C7E95FB9229ED77F008FDC7C /* Sources */,
				C7E95FBA229ED77F008FDC7C /* Frameworks */,
				C7E95FBB229ED77F008FDC7C /* CopyFiles */,
			);
			buildRules = (
			);
			dependencies = (
			);
			name = lab11;
			productName = lab11;
			productReference = C7E95FBD229ED77F008FDC7C /* lab11 */;
			productType = "com.apple.product-type.tool";
		};
/* End PBXNativeTarget section */

/* Begin PBXProject section */
		C7E95EC6229ED6F0008FDC7C /* Project object */ = {
			isa = PBXProject;
			attributes = {
				LastUpgradeCheck = 1020;
				ORGANIZATIONNAME = "Dongkyu Kim";
				TargetAttributes = {
					C79C1DFF229FB6F600615FD2 = {
						CreatedOnToolsVersion = 10.2.1;
					};
					C7E95F2D229ED70E008FDC7C = {
						CreatedOnToolsVersion = 10.2.1;
					};
					C7E95F38229ED72A008FDC7C = {
						CreatedOnToolsVersion = 10.2.1;
					};
					C7E95F43229ED73B008FDC7C = {
						CreatedOnToolsVersion = 10.2.1;
					};
					C7E95F4E229ED744008FDC7C = {
						CreatedOnToolsVersion = 10.2.1;
					};
					C7E95F59229ED74A008FDC7C = {
						CreatedOnToolsVersion = 10.2.1;
					};
					C7E95F64229ED74F008FDC7C = {
						CreatedOnToolsVersion = 10.2.1;
					};
					C7E95F6F229ED758008FDC7C = {
						CreatedOnToolsVersion = 10.2.1;
					};
					C7E95F7A229ED75D008FDC7C = {
						CreatedOnToolsVersion = 10.2.1;
					};
					C7E95F85229ED761008FDC7C = {
						CreatedOnToolsVersion = 10.2.1;
					};
					C7E95F90229ED764008FDC7C = {
						CreatedOnToolsVersion = 10.2.1;
					};
					C7E95F9B229ED768008FDC7C = {
						CreatedOnToolsVersion = 10.2.1;
					};
					C7E95FA6229ED76D008FDC7C = {
						CreatedOnToolsVersion = 10.2.1;
					};
					C7E95FB1229ED77B008FDC7C = {
						CreatedOnToolsVersion = 10.2.1;
					};
					C7E95FBC229ED77F008FDC7C = {
						CreatedOnToolsVersion = 10.2.1;
					};
				};
			};
			buildConfigurationList = C7E95EC9229ED6F0008FDC7C /* Build configuration list for PBXProject "2019_CSE2010_2018007929" */;
			compatibilityVersion = "Xcode 9.3";
			developmentRegion = en;
			hasScannedForEncodings = 0;
			knownRegions = (
				en,
			);
			mainGroup = C7E95EC5229ED6F0008FDC7C;
			productRefGroup = C7E95ECF229ED6F0008FDC7C /* Products */;
			projectDirPath = "";
			projectRoot = "";
			targets = (
				C7E95F2D229ED70E008FDC7C /* lab1_1 */,
				C7E95F38229ED72A008FDC7C /* lab1_2 */,
				C7E95F43229ED73B008FDC7C /* lab2 */,
				C7E95F4E229ED744008FDC7C /* lab3-1 */,
				C7E95F59229ED74A008FDC7C /* lab3-2 */,
				C7E95F64229ED74F008FDC7C /* lab3-3 */,
				C7E95F6F229ED758008FDC7C /* lab4 */,
				C7E95F7A229ED75D008FDC7C /* lab5 */,
				C7E95F85229ED761008FDC7C /* lab6 */,
				C7E95F90229ED764008FDC7C /* lab7 */,
				C7E95F9B229ED768008FDC7C /* lab8 */,
				C7E95FA6229ED76D008FDC7C /* lab9 */,
				C7E95FB1229ED77B008FDC7C /* lab10 */,
				C7E95FBC229ED77F008FDC7C /* lab11 */,
				C79C1DFF229FB6F600615FD2 /* lab12 */,
			);
		};
/* End PBXProject section */

/* Begin PBXSourcesBuildPhase section */
		C79C1DFC229FB6F600615FD2 /* Sources */ = {
			isa = PBXSourcesBuildPhase;
			buildActionMask = 2147483647;
			files = (
				C79C1E03229FB6F600615FD2 /* p12.c in Sources */,
			);
			runOnlyForDeploymentPostprocessing = 0;
		};
		C7E95F2A229ED70E008FDC7C /* Sources */ = {
			isa = PBXSourcesBuildPhase;
			buildActionMask = 2147483647;
			files = (
				C7E95FC4229ED85C008FDC7C /* p1_1.c in Sources */,
			);
			runOnlyForDeploymentPostprocessing = 0;
		};
		C7E95F35229ED72A008FDC7C /* Sources */ = {
			isa = PBXSourcesBuildPhase;
			buildActionMask = 2147483647;
			files = (
				C7E95FC5229ED85F008FDC7C /* p1_2.c in Sources */,
			);
			runOnlyForDeploymentPostprocessing = 0;
		};
		C7E95F40229ED73B008FDC7C /* Sources */ = {
			isa = PBXSourcesBuildPhase;
			buildActionMask = 2147483647;
			files = (
				C7E95FC6229ED861008FDC7C /* p2.c in Sources */,
			);
			runOnlyForDeploymentPostprocessing = 0;
		};
		C7E95F4B229ED744008FDC7C /* Sources */ = {
			isa = PBXSourcesBuildPhase;
			buildActionMask = 2147483647;
			files = (
				C7E95FC7229ED863008FDC7C /* p3-1.c in Sources */,
			);
			runOnlyForDeploymentPostprocessing = 0;
		};
		C7E95F56229ED74A008FDC7C /* Sources */ = {
			isa = PBXSourcesBuildPhase;
			buildActionMask = 2147483647;
			files = (
				C7E95FC8229ED865008FDC7C /* p3-2.c in Sources */,
			);
			runOnlyForDeploymentPostprocessing = 0;
		};
		C7E95F61229ED74F008FDC7C /* Sources */ = {
			isa = PBXSourcesBuildPhase;
			buildActionMask = 2147483647;
			files = (
				C7E95FCA229ED870008FDC7C /* stack.c in Sources */,
				C7E95FC9229ED86E008FDC7C /* p3-3.c in Sources */,
			);
			runOnlyForDeploymentPostprocessing = 0;
		};
		C7E95F6C229ED758008FDC7C /* Sources */ = {
			isa = PBXSourcesBuildPhase;
			buildActionMask = 2147483647;
			files = (
				C7E95FCB229ED877008FDC7C /* p4.c in Sources */,
			);
			runOnlyForDeploymentPostprocessing = 0;
		};
		C7E95F77229ED75D008FDC7C /* Sources */ = {
			isa = PBXSourcesBuildPhase;
			buildActionMask = 2147483647;
			files = (
				C7E95FCC229ED878008FDC7C /* p5.c in Sources */,
			);
			runOnlyForDeploymentPostprocessing = 0;
		};
		C7E95F82229ED761008FDC7C /* Sources */ = {
			isa = PBXSourcesBuildPhase;
			buildActionMask = 2147483647;
			files = (
				C7E95FCD229ED87A008FDC7C /* p6.c in Sources */,
			);
			runOnlyForDeploymentPostprocessing = 0;
		};
		C7E95F8D229ED764008FDC7C /* Sources */ = {
			isa = PBXSourcesBuildPhase;
			buildActionMask = 2147483647;
			files = (
				C7E95FCE229ED87D008FDC7C /* p7.c in Sources */,
			);
			runOnlyForDeploymentPostprocessing = 0;
		};
		C7E95F98229ED768008FDC7C /* Sources */ = {
			isa = PBXSourcesBuildPhase;
			buildActionMask = 2147483647;
			files = (
				C7E95FCF229ED87F008FDC7C /* p8.c in Sources */,
			);
			runOnlyForDeploymentPostprocessing = 0;
		};
		C7E95FA3229ED76D008FDC7C /* Sources */ = {
			isa = PBXSourcesBuildPhase;
			buildActionMask = 2147483647;
			files = (
				C7E95FD0229ED882008FDC7C /* p9.c in Sources */,
			);
			runOnlyForDeploymentPostprocessing = 0;
		};
		C7E95FAE229ED77B008FDC7C /* Sources */ = {
			isa = PBXSourcesBuildPhase;
			buildActionMask = 2147483647;
			files = (
				C7E95FD1229ED884008FDC7C /* p10.c in Sources */,
			);
			runOnlyForDeploymentPostprocessing = 0;
		};
		C7E95FB9229ED77F008FDC7C /* Sources */ = {
			isa = PBXSourcesBuildPhase;
			buildActionMask = 2147483647;
			files = (
				C7E95FD2229ED886008FDC7C /* p11.c in Sources */,
			);
			runOnlyForDeploymentPostprocessing = 0;
		};
/* End PBXSourcesBuildPhase section */

/* Begin XCBuildConfiguration section */
		C79C1E04229FB6F600615FD2 /* Debug */ = {
			isa = XCBuildConfiguration;
			buildSettings = {
				CODE_SIGN_STYLE = Automatic;
				PRODUCT_NAME = "$(TARGET_NAME)";
			};
			name = Debug;
		};
		C79C1E05229FB6F600615FD2 /* Release */ = {
			isa = XCBuildConfiguration;
			buildSettings = {
				CODE_SIGN_STYLE = Automatic;
				PRODUCT_NAME = "$(TARGET_NAME)";
			};
			name = Release;
		};
		C7E95ED3229ED6F0008FDC7C /* Debug */ = {
			isa = XCBuildConfiguration;
			buildSettings = {
				ALWAYS_SEARCH_USER_PATHS = NO;
				CLANG_ANALYZER_NONNULL = YES;
				CLANG_ANALYZER_NUMBER_OBJECT_CONVERSION = YES_AGGRESSIVE;
				CLANG_CXX_LANGUAGE_STANDARD = "gnu++14";
				CLANG_CXX_LIBRARY = "libc++";
				CLANG_ENABLE_MODULES = YES;
				CLANG_ENABLE_OBJC_ARC = YES;
				CLANG_ENABLE_OBJC_WEAK = YES;
				CLANG_WARN_BLOCK_CAPTURE_AUTORELEASING = YES;
				CLANG_WARN_BOOL_CONVERSION = YES;
				CLANG_WARN_COMMA = YES;
				CLANG_WARN_CONSTANT_CONVERSION = YES;
				CLANG_WARN_DEPRECATED_OBJC_IMPLEMENTATIONS = YES;
				CLANG_WARN_DIRECT_OBJC_ISA_USAGE = YES_ERROR;
				CLANG_WARN_DOCUMENTATION_COMMENTS = YES;
				CLANG_WARN_EMPTY_BODY = YES;
				CLANG_WARN_ENUM_CONVERSION = YES;
				CLANG_WARN_INFINITE_RECURSION = YES;
				CLANG_WARN_INT_CONVERSION = YES;
				CLANG_WARN_NON_LITERAL_NULL_CONVERSION = YES;
				CLANG_WARN_OBJC_IMPLICIT_RETAIN_SELF = YES;
				CLANG_WARN_OBJC_LITERAL_CONVERSION = YES;
				CLANG_WARN_OBJC_ROOT_CLASS = YES_ERROR;
				CLANG_WARN_RANGE_LOOP_ANALYSIS = YES;
				CLANG_WARN_STRICT_PROTOTYPES = YES;
				CLANG_WARN_SUSPICIOUS_MOVE = YES;
				CLANG_WARN_UNGUARDED_AVAILABILITY = YES_AGGRESSIVE;
				CLANG_WARN_UNREACHABLE_CODE = YES;
				CLANG_WARN__DUPLICATE_METHOD_MATCH = YES;
				CODE_SIGN_IDENTITY = "-";
				COPY_PHASE_STRIP = NO;
				DEBUG_INFORMATION_FORMAT = dwarf;
				ENABLE_STRICT_OBJC_MSGSEND = YES;
				ENABLE_TESTABILITY = YES;
				GCC_C_LANGUAGE_STANDARD = gnu11;
				GCC_DYNAMIC_NO_PIC = NO;
				GCC_NO_COMMON_BLOCKS = YES;
				GCC_OPTIMIZATION_LEVEL = 0;
				GCC_PREPROCESSOR_DEFINITIONS = (
					"DEBUG=1",
					"$(inherited)",
				);
				GCC_WARN_64_TO_32_BIT_CONVERSION = YES;
				GCC_WARN_ABOUT_RETURN_TYPE = YES_ERROR;
				GCC_WARN_UNDECLARED_SELECTOR = YES;
				GCC_WARN_UNINITIALIZED_AUTOS = YES_AGGRESSIVE;
				GCC_WARN_UNUSED_FUNCTION = YES;
				GCC_WARN_UNUSED_VARIABLE = YES;
				MACOSX_DEPLOYMENT_TARGET = 10.14;
				MTL_ENABLE_DEBUG_INFO = INCLUDE_SOURCE;
				MTL_FAST_MATH = YES;
				ONLY_ACTIVE_ARCH = YES;
				SDKROOT = macosx;
			};
			name = Debug;
		};
		C7E95ED4229ED6F0008FDC7C /* Release */ = {
			isa = XCBuildConfiguration;
			buildSettings = {
				ALWAYS_SEARCH_USER_PATHS = NO;
				CLANG_ANALYZER_NONNULL = YES;
				CLANG_ANALYZER_NUMBER_OBJECT_CONVERSION = YES_AGGRESSIVE;
				CLANG_CXX_LANGUAGE_STANDARD = "gnu++14";
				CLANG_CXX_LIBRARY = "libc++";
				CLANG_ENABLE_MODULES = YES;
				CLANG_ENABLE_OBJC_ARC = YES;
				CLANG_ENABLE_OBJC_WEAK = YES;
				CLANG_WARN_BLOCK_CAPTURE_AUTORELEASING = YES;
				CLANG_WARN_BOOL_CONVERSION = YES;
				CLANG_WARN_COMMA = YES;
				CLANG_WARN_CONSTANT_CONVERSION = YES;
				CLANG_WARN_DEPRECATED_OBJC_IMPLEMENTATIONS = YES;
				CLANG_WARN_DIRECT_OBJC_ISA_USAGE = YES_ERROR;
				CLANG_WARN_DOCUMENTATION_COMMENTS = YES;
				CLANG_WARN_EMPTY_BODY = YES;
				CLANG_WARN_ENUM_CONVERSION = YES;
				CLANG_WARN_INFINITE_RECURSION = YES;
				CLANG_WARN_INT_CONVERSION = YES;
				CLANG_WARN_NON_LITERAL_NULL_CONVERSION = YES;
				CLANG_WARN_OBJC_IMPLICIT_RETAIN_SELF = YES;
				CLANG_WARN_OBJC_LITERAL_CONVERSION = YES;
				CLANG_WARN_OBJC_ROOT_CLASS = YES_ERROR;
				CLANG_WARN_RANGE_LOOP_ANALYSIS = YES;
				CLANG_WARN_STRICT_PROTOTYPES = YES;
				CLANG_WARN_SUSPICIOUS_MOVE = YES;
				CLANG_WARN_UNGUARDED_AVAILABILITY = YES_AGGRESSIVE;
				CLANG_WARN_UNREACHABLE_CODE = YES;
				CLANG_WARN__DUPLICATE_METHOD_MATCH = YES;
				CODE_SIGN_IDENTITY = "-";
				COPY_PHASE_STRIP = NO;
				DEBUG_INFORMATION_FORMAT = "dwarf-with-dsym";
				ENABLE_NS_ASSERTIONS = NO;
				ENABLE_STRICT_OBJC_MSGSEND = YES;
				GCC_C_LANGUAGE_STANDARD = gnu11;
				GCC_NO_COMMON_BLOCKS = YES;
				GCC_WARN_64_TO_32_BIT_CONVERSION = YES;
				GCC_WARN_ABOUT_RETURN_TYPE = YES_ERROR;
				GCC_WARN_UNDECLARED_SELECTOR = YES;
				GCC_WARN_UNINITIALIZED_AUTOS = YES_AGGRESSIVE;
				GCC_WARN_UNUSED_FUNCTION = YES;
				GCC_WARN_UNUSED_VARIABLE = YES;
				MACOSX_DEPLOYMENT_TARGET = 10.14;
				MTL_ENABLE_DEBUG_INFO = NO;
				MTL_FAST_MATH = YES;
				SDKROOT = macosx;
			};
			name = Release;
		};
		C7E95F33229ED70E008FDC7C /* Debug */ = {
			isa = XCBuildConfiguration;
			buildSettings = {
				CODE_SIGN_STYLE = Automatic;
				PRODUCT_NAME = "$(TARGET_NAME)";
			};
			name = Debug;
		};
		C7E95F34229ED70E008FDC7C /* Release */ = {
			isa = XCBuildConfiguration;
			buildSettings = {
				CODE_SIGN_STYLE = Automatic;
				PRODUCT_NAME = "$(TARGET_NAME)";
			};
			name = Release;
		};
		C7E95F3E229ED72A008FDC7C /* Debug */ = {
			isa = XCBuildConfiguration;
			buildSettings = {
				CODE_SIGN_STYLE = Automatic;
				PRODUCT_NAME = "$(TARGET_NAME)";
			};
			name = Debug;
		};
		C7E95F3F229ED72A008FDC7C /* Release */ = {
			isa = XCBuildConfiguration;
			buildSettings = {
				CODE_SIGN_STYLE = Automatic;
				PRODUCT_NAME = "$(TARGET_NAME)";
			};
			name = Release;
		};
		C7E95F49229ED73B008FDC7C /* Debug */ = {
			isa = XCBuildConfiguration;
			buildSettings = {
				CODE_SIGN_STYLE = Automatic;
				PRODUCT_NAME = "$(TARGET_NAME)";
			};
			name = Debug;
		};
		C7E95F4A229ED73B008FDC7C /* Release */ = {
			isa = XCBuildConfiguration;
			buildSettings = {
				CODE_SIGN_STYLE = Automatic;
				PRODUCT_NAME = "$(TARGET_NAME)";
			};
			name = Release;
		};
		C7E95F54229ED744008FDC7C /* Debug */ = {
			isa = XCBuildConfiguration;
			buildSettings = {
				CODE_SIGN_STYLE = Automatic;
				PRODUCT_NAME = "$(TARGET_NAME)";
			};
			name = Debug;
		};
		C7E95F55229ED744008FDC7C /* Release */ = {
			isa = XCBuildConfiguration;
			buildSettings = {
				CODE_SIGN_STYLE = Automatic;
				PRODUCT_NAME = "$(TARGET_NAME)";
			};
			name = Release;
		};
		C7E95F5F229ED74A008FDC7C /* Debug */ = {
			isa = XCBuildConfiguration;
			buildSettings = {
				CODE_SIGN_STYLE = Automatic;
				PRODUCT_NAME = "$(TARGET_NAME)";
			};
			name = Debug;
		};
		C7E95F60229ED74A008FDC7C /* Release */ = {
			isa = XCBuildConfiguration;
			buildSettings = {
				CODE_SIGN_STYLE = Automatic;
				PRODUCT_NAME = "$(TARGET_NAME)";
			};
			name = Release;
		};
		C7E95F6A229ED74F008FDC7C /* Debug */ = {
			isa = XCBuildConfiguration;
			buildSettings = {
				CODE_SIGN_STYLE = Automatic;
				PRODUCT_NAME = "$(TARGET_NAME)";
			};
			name = Debug;
		};
		C7E95F6B229ED74F008FDC7C /* Release */ = {
			isa = XCBuildConfiguration;
			buildSettings = {
				CODE_SIGN_STYLE = Automatic;
				PRODUCT_NAME = "$(TARGET_NAME)";
			};
			name = Release;
		};
		C7E95F75229ED759008FDC7C /* Debug */ = {
			isa = XCBuildConfiguration;
			buildSettings = {
				CODE_SIGN_STYLE = Automatic;
				PRODUCT_NAME = "$(TARGET_NAME)";
			};
			name = Debug;
		};
		C7E95F76229ED759008FDC7C /* Release */ = {
			isa = XCBuildConfiguration;
			buildSettings = {
				CODE_SIGN_STYLE = Automatic;
				PRODUCT_NAME = "$(TARGET_NAME)";
			};
			name = Release;
		};
		C7E95F80229ED75D008FDC7C /* Debug */ = {
			isa = XCBuildConfiguration;
			buildSettings = {
				CODE_SIGN_STYLE = Automatic;
				PRODUCT_NAME = "$(TARGET_NAME)";
			};
			name = Debug;
		};
		C7E95F81229ED75D008FDC7C /* Release */ = {
			isa = XCBuildConfiguration;
			buildSettings = {
				CODE_SIGN_STYLE = Automatic;
				PRODUCT_NAME = "$(TARGET_NAME)";
			};
			name = Release;
		};
		C7E95F8B229ED761008FDC7C /* Debug */ = {
			isa = XCBuildConfiguration;
			buildSettings = {
				CODE_SIGN_STYLE = Automatic;
				PRODUCT_NAME = "$(TARGET_NAME)";
			};
			name = Debug;
		};
		C7E95F8C229ED761008FDC7C /* Release */ = {
			isa = XCBuildConfiguration;
			buildSettings = {
				CODE_SIGN_STYLE = Automatic;
				PRODUCT_NAME = "$(TARGET_NAME)";
			};
			name = Release;
		};
		C7E95F96229ED765008FDC7C /* Debug */ = {
			isa = XCBuildConfiguration;
			buildSettings = {
				CODE_SIGN_STYLE = Automatic;
				PRODUCT_NAME = "$(TARGET_NAME)";
			};
			name = Debug;
		};
		C7E95F97229ED765008FDC7C /* Release */ = {
			isa = XCBuildConfiguration;
			buildSettings = {
				CODE_SIGN_STYLE = Automatic;
				PRODUCT_NAME = "$(TARGET_NAME)";
			};
			name = Release;
		};
		C7E95FA1229ED768008FDC7C /* Debug */ = {
			isa = XCBuildConfiguration;
			buildSettings = {
				CODE_SIGN_STYLE = Automatic;
				PRODUCT_NAME = "$(TARGET_NAME)";
			};
			name = Debug;
		};
		C7E95FA2229ED768008FDC7C /* Release */ = {
			isa = XCBuildConfiguration;
			buildSettings = {
				CODE_SIGN_STYLE = Automatic;
				PRODUCT_NAME = "$(TARGET_NAME)";
			};
			name = Release;
		};
		C7E95FAC229ED76D008FDC7C /* Debug */ = {
			isa = XCBuildConfiguration;
			buildSettings = {
				CODE_SIGN_STYLE = Automatic;
				PRODUCT_NAME = "$(TARGET_NAME)";
			};
			name = Debug;
		};
		C7E95FAD229ED76D008FDC7C /* Release */ = {
			isa = XCBuildConfiguration;
			buildSettings = {
				CODE_SIGN_STYLE = Automatic;
				PRODUCT_NAME = "$(TARGET_NAME)";
			};
			name = Release;
		};
		C7E95FB7229ED77B008FDC7C /* Debug */ = {
			isa = XCBuildConfiguration;
			buildSettings = {
				CODE_SIGN_STYLE = Automatic;
				PRODUCT_NAME = "$(TARGET_NAME)";
			};
			name = Debug;
		};
		C7E95FB8229ED77B008FDC7C /* Release */ = {
			isa = XCBuildConfiguration;
			buildSettings = {
				CODE_SIGN_STYLE = Automatic;
				PRODUCT_NAME = "$(TARGET_NAME)";
			};
			name = Release;
		};
		C7E95FC2229ED77F008FDC7C /* Debug */ = {
			isa = XCBuildConfiguration;
			buildSettings = {
				CODE_SIGN_STYLE = Automatic;
				PRODUCT_NAME = "$(TARGET_NAME)";
			};
			name = Debug;
		};
		C7E95FC3229ED77F008FDC7C /* Release */ = {
			isa = XCBuildConfiguration;
			buildSettings = {
				CODE_SIGN_STYLE = Automatic;
				PRODUCT_NAME = "$(TARGET_NAME)";
			};
			name = Release;
		};
/* End XCBuildConfiguration section */

/* Begin XCConfigurationList section */
		C79C1E06229FB6F600615FD2 /* Build configuration list for PBXNativeTarget "lab12" */ = {
			isa = XCConfigurationList;
			buildConfigurations = (
				C79C1E04229FB6F600615FD2 /* Debug */,
				C79C1E05229FB6F600615FD2 /* Release */,
			);
			defaultConfigurationIsVisible = 0;
			defaultConfigurationName = Release;
		};
		C7E95EC9229ED6F0008FDC7C /* Build configuration list for PBXProject "2019_CSE2010_2018007929" */ = {
			isa = XCConfigurationList;
			buildConfigurations = (
				C7E95ED3229ED6F0008FDC7C /* Debug */,
				C7E95ED4229ED6F0008FDC7C /* Release */,
			);
			defaultConfigurationIsVisible = 0;
			defaultConfigurationName = Release;
		};
		C7E95F32229ED70E008FDC7C /* Build configuration list for PBXNativeTarget "lab1_1" */ = {
			isa = XCConfigurationList;
			buildConfigurations = (
				C7E95F33229ED70E008FDC7C /* Debug */,
				C7E95F34229ED70E008FDC7C /* Release */,
			);
			defaultConfigurationIsVisible = 0;
			defaultConfigurationName = Release;
		};
		C7E95F3D229ED72A008FDC7C /* Build configuration list for PBXNativeTarget "lab1_2" */ = {
			isa = XCConfigurationList;
			buildConfigurations = (
				C7E95F3E229ED72A008FDC7C /* Debug */,
				C7E95F3F229ED72A008FDC7C /* Release */,
			);
			defaultConfigurationIsVisible = 0;
			defaultConfigurationName = Release;
		};
		C7E95F48229ED73B008FDC7C /* Build configuration list for PBXNativeTarget "lab2" */ = {
			isa = XCConfigurationList;
			buildConfigurations = (
				C7E95F49229ED73B008FDC7C /* Debug */,
				C7E95F4A229ED73B008FDC7C /* Release */,
			);
			defaultConfigurationIsVisible = 0;
			defaultConfigurationName = Release;
		};
		C7E95F53229ED744008FDC7C /* Build configuration list for PBXNativeTarget "lab3-1" */ = {
			isa = XCConfigurationList;
			buildConfigurations = (
				C7E95F54229ED744008FDC7C /* Debug */,
				C7E95F55229ED744008FDC7C /* Release */,
			);
			defaultConfigurationIsVisible = 0;
			defaultConfigurationName = Release;
		};
		C7E95F5E229ED74A008FDC7C /* Build configuration list for PBXNativeTarget "lab3-2" */ = {
			isa = XCConfigurationList;
			buildConfigurations = (
				C7E95F5F229ED74A008FDC7C /* Debug */,
				C7E95F60229ED74A008FDC7C /* Release */,
			);
			defaultConfigurationIsVisible = 0;
			defaultConfigurationName = Release;
		};
		C7E95F69229ED74F008FDC7C /* Build configuration list for PBXNativeTarget "lab3-3" */ = {
			isa = XCConfigurationList;
			buildConfigurations = (
				C7E95F6A229ED74F008FDC7C /* Debug */,
				C7E95F6B229ED74F008FDC7C /* Release */,
			);
			defaultConfigurationIsVisible = 0;
			defaultConfigurationName = Release;
		};
		C7E95F74229ED759008FDC7C /* Build configuration list for PBXNativeTarget "lab4" */ = {
			isa = XCConfigurationList;
			buildConfigurations = (
				C7E95F75229ED759008FDC7C /* Debug */,
				C7E95F76229ED759008FDC7C /* Release */,
			);
			defaultConfigurationIsVisible = 0;
			defaultConfigurationName = Release;
		};
		C7E95F7F229ED75D008FDC7C /* Build configuration list for PBXNativeTarget "lab5" */ = {
			isa = XCConfigurationList;
			buildConfigurations = (
				C7E95F80229ED75D008FDC7C /* Debug */,
				C7E95F81229ED75D008FDC7C /* Release */,
			);
			defaultConfigurationIsVisible = 0;
			defaultConfigurationName = Release;
		};
		C7E95F8A229ED761008FDC7C /* Build configuration list for PBXNativeTarget "lab6" */ = {
			isa = XCConfigurationList;
			buildConfigurations = (
				C7E95F8B229ED761008FDC7C /* Debug */,
				C7E95F8C229ED761008FDC7C /* Release */,
			);
			defaultConfigurationIsVisible = 0;
			defaultConfigurationName = Release;
		};
		C7E95F95229ED765008FDC7C /* Build configuration list for PBXNativeTarget "lab7" */ = {
			isa = XCConfigurationList;
			buildConfigurations = (
				C7E95F96229ED765008FDC7C /* Debug */,
				C7E95F97229ED765008FDC7C /* Release */,
			);
			defaultConfigurationIsVisible = 0;
			defaultConfigurationName = Release;
		};
		C7E95FA0229ED768008FDC7C /* Build configuration list for PBXNativeTarget "lab8" */ = {
			isa = XCConfigurationList;
			buildConfigurations = (
				C7E95FA1229ED768008FDC7C /* Debug */,
				C7E95FA2229ED768008FDC7C /* Release */,
			);
			defaultConfigurationIsVisible = 0;
			defaultConfigurationName = Release;
		};
		C7E95FAB229ED76D008FDC7C /* Build configuration list for PBXNativeTarget "lab9" */ = {
			isa = XCConfigurationList;
			buildConfigurations = (
				C7E95FAC229ED76D008FDC7C /* Debug */,
				C7E95FAD229ED76D008FDC7C /* Release */,
			);
			defaultConfigurationIsVisible = 0;
			defaultConfigurationName = Release;
		};
		C7E95FB6229ED77B008FDC7C /* Build configuration list for PBXNativeTarget "lab10" */ = {
			isa = XCConfigurationList;
			buildConfigurations = (
				C7E95FB7229ED77B008FDC7C /* Debug */,
				C7E95FB8229ED77B008FDC7C /* Release */,
			);
			defaultConfigurationIsVisible = 0;
			defaultConfigurationName = Release;
		};
		C7E95FC1229ED77F008FDC7C /* Build configuration list for PBXNativeTarget "lab11" */ = {
			isa = XCConfigurationList;
			buildConfigurations = (
				C7E95FC2229ED77F008FDC7C /* Debug */,
				C7E95FC3229ED77F008FDC7C /* Release */,
			);
			defaultConfigurationIsVisible = 0;
			defaultConfigurationName = Release;
		};
/* End XCConfigurationList section */
	};
	rootObject = C7E95EC6229ED6F0008FDC7C /* Project object */;
}
